
Microsoft Visual Studio Solution File, Format Version 12.00
# Visual Studio Version 17
VisualStudioVersion = 17.5.33502.453
MinimumVisualStudioVersion = 10.0.40219.1
Project("{FAE04EC0-301F-11D3-BF4B-00C04F79EFBC}") = "Ado.NetWebApi", "Ado.NetWebApi\Ado.NetWebApi.csproj", "{3581BE58-4732-454D-BF62-947FD50EF4DC}"
EndProject
Global
	GlobalSection(SolutionConfigurationPlatforms) = preSolution
		Debug|Any CPU = Debug|Any CPU
		Release|Any CPU = Release|Any CPU
	EndGlobalSection
	GlobalSection(ProjectConfigurationPlatforms) = postSolution
		{3581BE58-4732-454D-BF62-947FD50EF4DC}.Debug|Any CPU.ActiveCfg = Debug|Any CPU
		{3581BE58-4732-454D-BF62-947FD50EF4DC}.Debug|Any CPU.Build.0 = Debug|Any CPU
		{3581BE58-4732-454D-BF62-947FD50EF4DC}.Release|Any CPU.ActiveCfg = Release|Any CPU
		{3581BE58-4732-454D-BF62-947FD50EF4DC}.Release|Any CPU.Build.0 = Release|Any CPU
	EndGlobalSection
	GlobalSection(SolutionProperties) = preSolution
		HideSolutionNode = FALSE
	EndGlobalSection
	GlobalSection(ExtensibilityGlobals) = postSolution
		SolutionGuid = {840EC24F-8314-4924-A5F4-0DF725B9E0ED}
	EndGlobalSection
EndGlobal
